
Microsoft Visual Studio Solution File, Format Version 12.00
# Visual Studio Version 16
VisualStudioVersion = 16.0.32228.343
MinimumVisualStudioVersion = 10.0.40219.1
Project("{FAE04EC0-301F-11D3-BF4B-00C04F79EFBC}") = "HomeWork.Class06.Task01", "HomeWork.Class06.Task01\HomeWork.Class06.Task01.csproj", "{55100340-139E-419F-9DA2-C4E566254854}"
EndProject
Global
	GlobalSection(SolutionConfigurationPlatforms) = preSolution
		Debug|Any CPU = Debug|Any CPU
		Release|Any CPU = Release|Any CPU
	EndGlobalSection
	GlobalSection(ProjectConfigurationPlatforms) = postSolution
		{55100340-139E-419F-9DA2-C4E566254854}.Debug|Any CPU.ActiveCfg = Debug|Any CPU
		{55100340-139E-419F-9DA2-C4E566254854}.Debug|Any CPU.Build.0 = Debug|Any CPU
		{55100340-139E-419F-9DA2-C4E566254854}.Release|Any CPU.ActiveCfg = Release|Any CPU
		{55100340-139E-419F-9DA2-C4E566254854}.Release|Any CPU.Build.0 = Release|Any CPU
	EndGlobalSection
	GlobalSection(SolutionProperties) = preSolution
		HideSolutionNode = FALSE
	EndGlobalSection
	GlobalSection(ExtensibilityGlobals) = postSolution
		SolutionGuid = {ADFDDF26-EEFF-49FB-8CBD-44E0D0E68F1F}
	EndGlobalSection
EndGlobal
