
Microsoft Visual Studio Solution File, Format Version 12.00
# Visual Studio Version 16
VisualStudioVersion = 16.0.32228.343
MinimumVisualStudioVersion = 10.0.40219.1
Project("{9A19103F-16F7-4668-BE54-9A1E7A4F7556}") = "HomeWork.Class05.Exercise", "HomeWork.Class05.Exercise\HomeWork.Class05.Exercise.csproj", "{147A13AE-9C90-4AEA-B808-CFED5B0BF22A}"
EndProject
Project("{FAE04EC0-301F-11D3-BF4B-00C04F79EFBC}") = "HomeWork.Class05.Exercise2", "HomeWork.Class05.Exercise2\HomeWork.Class05.Exercise2.csproj", "{5AFB4E5B-C3C4-4C9B-99EE-7F44FAA49087}"
EndProject
Global
	GlobalSection(SolutionConfigurationPlatforms) = preSolution
		Debug|Any CPU = Debug|Any CPU
		Release|Any CPU = Release|Any CPU
	EndGlobalSection
	GlobalSection(ProjectConfigurationPlatforms) = postSolution
		{147A13AE-9C90-4AEA-B808-CFED5B0BF22A}.Debug|Any CPU.ActiveCfg = Debug|Any CPU
		{147A13AE-9C90-4AEA-B808-CFED5B0BF22A}.Debug|Any CPU.Build.0 = Debug|Any CPU
		{147A13AE-9C90-4AEA-B808-CFED5B0BF22A}.Release|Any CPU.ActiveCfg = Release|Any CPU
		{147A13AE-9C90-4AEA-B808-CFED5B0BF22A}.Release|Any CPU.Build.0 = Release|Any CPU
		{5AFB4E5B-C3C4-4C9B-99EE-7F44FAA49087}.Debug|Any CPU.ActiveCfg = Debug|Any CPU
		{5AFB4E5B-C3C4-4C9B-99EE-7F44FAA49087}.Debug|Any CPU.Build.0 = Debug|Any CPU
		{5AFB4E5B-C3C4-4C9B-99EE-7F44FAA49087}.Release|Any CPU.ActiveCfg = Release|Any CPU
		{5AFB4E5B-C3C4-4C9B-99EE-7F44FAA49087}.Release|Any CPU.Build.0 = Release|Any CPU
	EndGlobalSection
	GlobalSection(SolutionProperties) = preSolution
		HideSolutionNode = FALSE
	EndGlobalSection
	GlobalSection(ExtensibilityGlobals) = postSolution
		SolutionGuid = {91158167-9DDE-4FEF-80B4-BEBA6D33AAA6}
	EndGlobalSection
EndGlobal
